<Solution>
  <Folder Name="/build/">
    <File Path="Directory.Build.props" />
    <File Path="Directory.Packages.props" />
    <File Path="global.json" />
    <File Path="NuGet.Config" />
  </Folder>
  <Folder Name="/src/">
    <Project Path="src/ETL-SQL.Analysis/ETL-SQL.Analysis.csproj" />
    <Project Path="src/ETL-SQL.App/ETL-SQL.App.csproj" />
    <Project Path="src/ETL-SQL.Core/ETL-SQL.Core.csproj" />
    <Project Path="src/ETL-SQL.Engine/ETL-SQL.Engine.csproj" />
    <Project Path="src/ETL-SQL.Connectors.Cloud/ETL-SQL.Connectors.Cloud.csproj" />
    <Project Path="src/ETL-SQL.Connectors.Common/ETL-SQL.Connectors.Common.csproj" />
    <Project Path="src/ETL-SQL.Connectors.Databases/ETL-SQL.Connectors.Databases.csproj" />
    <Project Path="src/ETL-SQL.Connectors.Files/ETL-SQL.Connectors.Files.csproj" />
    <Project Path="src/ETL-SQL.Connectors.Messaging/ETL-SQL.Connectors.Messaging.csproj" />
    <Project Path="src/ETL-SQL.Connectors.Remote/ETL-SQL.Connectors.Remote.csproj" />
    <Project Path="src/ETL-SQL.Connectors/ETL-SQL.Connectors.csproj" />
    <Project Path="src/ETL-SQL.LanguageServer/ETL-SQL.LanguageServer.csproj" />
    <Project Path="src/ETL-SQL.Orchestrator/ETL-SQL.Orchestrator.csproj" />
    <Project Path="src/ETL-SQL.ReportBuilder.CLI/ETL-SQL.ReportBuilder.CLI.csproj" />
    <Project Path="src/ETL-SQL.ReportBuilder/ETL-SQL.ReportBuilder.csproj" />
    <Project Path="src/ETL-SQL.ReportHosting/ETL-SQL.ReportHosting.csproj" />
    <Project Path="src/ETL-SQL.ReportPlayer/ETL-SQL.ReportPlayer.csproj" />
    <Project Path="src/ETL-SQL.WorkstationEditor/ETL-SQL.WorkstationEditor.csproj" />
    <Project Path="src/ETL-SQL.Portal.Data/ETL-SQL.Portal.Data.csproj" />
    <Project Path="src/ETL-SQL.Portal.Migrations.Postgres/ETL-SQL.Portal.Migrations.Postgres.csproj" />
    <Project Path="src/ETL-SQL.Portal/ETL-SQL.Portal.csproj" />
    <Project Path="src/ETL-SQL.ReportRuntime/ETL-SQL.ReportRuntime.csproj" />
    <Project Path="src/ETL-SQL.Reporting/ETL-SQL.Reporting.csproj" />
    <Project Path="src/ETL-SQL.TUI/ETL-SQL.TUI.csproj" />
    <Project Path="src/ETL-SQL.Orchestrator.Service/ETL-SQL.Orchestrator.Service.csproj" />
  </Folder>
  <Folder Name="/tests/">
    <Project Path="tests/ETL-SQL.Portal.Tests/ETL-SQL.Portal.Tests.csproj" />
    <Project Path="tests/ETL-SQL.Tests/ETL-SQL.Tests.csproj" />
    <Project Path="tests/ETL-SQL.LanguageServer.Tests/ETL-SQL.LanguageServer.Tests.csproj" />
    <Project Path="tests/ETL-SQL.PerfTests/ETL-SQL.PerfTests.csproj" />
    <Project Path="tests/ETL-SQL.Benchmarks/ETL-SQL.Benchmarks.csproj" />
    <Project Path="tests/ETL-SQL.LintTests/ETL-SQL.LintTests.csproj" />
    <Project Path="tests/ETL-SQL.SqlLogicTests/ETL-SQL.SqlLogicTests.csproj" />
    <Project Path="tests/ETL-SQL.FuzzTests/ETL-SQL.FuzzTests.csproj" />
  </Folder>
</Solution>
