<Solution>
  <Folder Name="/src/">
    <Project Path="src/ETL-SQL.App/ETL-SQL.App.csproj" />
    <Project Path="src/ETL-SQL.Core/ETL-SQL.Core.csproj" />
    <Project Path="src/ETL-SQL.Engine/ETL-SQL.Engine.csproj" />
    <Project Path="src/ETL-SQL.Connectors/ETL-SQL.Connectors.csproj" />
    <Project Path="src/ETL-SQL.LanguageServer/ETL-SQL.LanguageServer.csproj" />
  </Folder>
  <Folder Name="/tests/">
    <Project Path="tests/ETL-SQL.Tests/ETL-SQL.Tests.csproj" />
    <Project Path="tests/ETL-SQL.LanguageServer.Tests/ETL-SQL.LanguageServer.Tests.csproj" />
    <Project Path="tests/ETL-SQL.PerfTests/ETL-SQL.PerfTests.csproj" />
    <Project Path="tests/ETL-SQL.Benchmarks/ETL-SQL.Benchmarks.csproj" />
    <Project Path="tests/ETL-SQL.LintTests/ETL-SQL.LintTests.csproj" />
  </Folder>
</Solution>
